// !$*UTF8*$!
{
	archiveVersion = 1;
	classes = {
	};
	objectVersion = 56;
	objects = {

/* Begin PBXBuildFile section */
		5208E0522D8C2F580005F05D /* NewTodoInteractor.swift in Sources */ = {isa = PBXBuildFile; fileRef = 5208E0512D8C2F580005F05D /* NewTodoInteractor.swift */; };
		5208E0542D8C2F640005F05D /* NewTodoPresenter.swift in Sources */ = {isa = PBXBuildFile; fileRef = 5208E0532D8C2F640005F05D /* NewTodoPresenter.swift */; };
		5208E0562D8C2F710005F05D /* NewTodoRourter.swift in Sources */ = {isa = PBXBuildFile; fileRef = 5208E0552D8C2F710005F05D /* NewTodoRourter.swift */; };
		5208E0592D8C389B0005F05D /* NewTodoAssenbly.swift in Sources */ = {isa = PBXBuildFile; fileRef = 5208E0582D8C389B0005F05D /* NewTodoAssenbly.swift */; };
		527BCC262D89A0C2006E1713 /* AppDelegate.swift in Sources */ = {isa = PBXBuildFile; fileRef = 527BCC252D89A0C2006E1713 /* AppDelegate.swift */; };
		527BCC282D89A0C2006E1713 /* SceneDelegate.swift in Sources */ = {isa = PBXBuildFile; fileRef = 527BCC272D89A0C2006E1713 /* SceneDelegate.swift */; };
		527BCC302D89A0C2006E1713 /* EffectiveMobile.xcdatamodeld in Sources */ = {isa = PBXBuildFile; fileRef = 527BCC2E2D89A0C2006E1713 /* EffectiveMobile.xcdatamodeld */; };
		527BCC322D89A0C4006E1713 /* Assets.xcassets in Resources */ = {isa = PBXBuildFile; fileRef = 527BCC312D89A0C4006E1713 /* Assets.xcassets */; };
		527BCC352D89A0C4006E1713 /* Base in Resources */ = {isa = PBXBuildFile; fileRef = 527BCC342D89A0C4006E1713 /* Base */; };
		527BCC402D89A465006E1713 /* Alamofire in Frameworks */ = {isa = PBXBuildFile; productRef = 527BCC3F2D89A465006E1713 /* Alamofire */; };
		527BCC442D89A4D0006E1713 /* Error.swift in Sources */ = {isa = PBXBuildFile; fileRef = 527BCC432D89A4D0006E1713 /* Error.swift */; };
		527BCC472D89B099006E1713 /* TodoView.swift in Sources */ = {isa = PBXBuildFile; fileRef = 527BCC462D89B099006E1713 /* TodoView.swift */; };
		527BCC492D89B0A9006E1713 /* TodoInteractor.swift in Sources */ = {isa = PBXBuildFile; fileRef = 527BCC482D89B0A9006E1713 /* TodoInteractor.swift */; };
		527BCC4B2D89B0BD006E1713 /* TodoPresenter.swift in Sources */ = {isa = PBXBuildFile; fileRef = 527BCC4A2D89B0BD006E1713 /* TodoPresenter.swift */; };
		527BCC4D2D89B0CF006E1713 /* TodoEntity.swift in Sources */ = {isa = PBXBuildFile; fileRef = 527BCC4C2D89B0CF006E1713 /* TodoEntity.swift */; };
		527BCC4F2D89B0DB006E1713 /* TodoRouter.swift in Sources */ = {isa = PBXBuildFile; fileRef = 527BCC4E2D89B0DB006E1713 /* TodoRouter.swift */; };
		527BCC522D89B0FC006E1713 /* NetworkManager.swift in Sources */ = {isa = PBXBuildFile; fileRef = 527BCC512D89B0FC006E1713 /* NetworkManager.swift */; };
		527BCC542D89B106006E1713 /* CoreDataManager.swift in Sources */ = {isa = PBXBuildFile; fileRef = 527BCC532D89B106006E1713 /* CoreDataManager.swift */; };
		527BCC582D89B1CB006E1713 /* UIViewExtension.swift in Sources */ = {isa = PBXBuildFile; fileRef = 527BCC572D89B1CB006E1713 /* UIViewExtension.swift */; };
		527BCC5B2D89B834006E1713 /* TodoAssembly.swift in Sources */ = {isa = PBXBuildFile; fileRef = 527BCC5A2D89B834006E1713 /* TodoAssembly.swift */; };
		527BCC5D2D89C0F2006E1713 /* CustomCell.swift in Sources */ = {isa = PBXBuildFile; fileRef = 527BCC5C2D89C0F2006E1713 /* CustomCell.swift */; };
		527BCC5F2D89C116006E1713 /* CheckboxButton.swift in Sources */ = {isa = PBXBuildFile; fileRef = 527BCC5E2D89C116006E1713 /* CheckboxButton.swift */; };
		528A41EA2D8B216D00397157 /* NewTodoView.swift in Sources */ = {isa = PBXBuildFile; fileRef = 528A41E92D8B216D00397157 /* NewTodoView.swift */; };
/* End PBXBuildFile section */

/* Begin PBXFileReference section */
		5208E0512D8C2F580005F05D /* NewTodoInteractor.swift */ = {isa = PBXFileReference; lastKnownFileType = sourcecode.swift; path = NewTodoInteractor.swift; sourceTree = "<group>"; };
		5208E0532D8C2F640005F05D /* NewTodoPresenter.swift */ = {isa = PBXFileReference; lastKnownFileType = sourcecode.swift; path = NewTodoPresenter.swift; sourceTree = "<group>"; };
		5208E0552D8C2F710005F05D /* NewTodoRourter.swift */ = {isa = PBXFileReference; lastKnownFileType = sourcecode.swift; path = NewTodoRourter.swift; sourceTree = "<group>"; };
		5208E0582D8C389B0005F05D /* NewTodoAssenbly.swift */ = {isa = PBXFileReference; lastKnownFileType = sourcecode.swift; path = NewTodoAssenbly.swift; sourceTree = "<group>"; };
		527BCC222D89A0C2006E1713 /* EffectiveMobile.app */ = {isa = PBXFileReference; explicitFileType = wrapper.application; includeInIndex = 0; path = EffectiveMobile.app; sourceTree = BUILT_PRODUCTS_DIR; };
		527BCC252D89A0C2006E1713 /* AppDelegate.swift */ = {isa = PBXFileReference; lastKnownFileType = sourcecode.swift; path = AppDelegate.swift; sourceTree = "<group>"; };
		527BCC272D89A0C2006E1713 /* SceneDelegate.swift */ = {isa = PBXFileReference; lastKnownFileType = sourcecode.swift; path = SceneDelegate.swift; sourceTree = "<group>"; };
		527BCC2F2D89A0C2006E1713 /* EffectiveMobile.xcdatamodel */ = {isa = PBXFileReference; lastKnownFileType = wrapper.xcdatamodel; path = EffectiveMobile.xcdatamodel; sourceTree = "<group>"; };
		527BCC312D89A0C4006E1713 /* Assets.xcassets */ = {isa = PBXFileReference; lastKnownFileType = folder.assetcatalog; path = Assets.xcassets; sourceTree = "<group>"; };
		527BCC342D89A0C4006E1713 /* Base */ = {isa = PBXFileReference; lastKnownFileType = file.storyboard; name = Base; path = Base.lproj/LaunchScreen.storyboard; sourceTree = "<group>"; };
		527BCC362D89A0C4006E1713 /* Info.plist */ = {isa = PBXFileReference; lastKnownFileType = text.plist.xml; path = Info.plist; sourceTree = "<group>"; };
		527BCC432D89A4D0006E1713 /* Error.swift */ = {isa = PBXFileReference; lastKnownFileType = sourcecode.swift; path = Error.swift; sourceTree = "<group>"; };
		527BCC462D89B099006E1713 /* TodoView.swift */ = {isa = PBXFileReference; lastKnownFileType = sourcecode.swift; path = TodoView.swift; sourceTree = "<group>"; };
		527BCC482D89B0A9006E1713 /* TodoInteractor.swift */ = {isa = PBXFileReference; lastKnownFileType = sourcecode.swift; path = TodoInteractor.swift; sourceTree = "<group>"; };
		527BCC4A2D89B0BD006E1713 /* TodoPresenter.swift */ = {isa = PBXFileReference; lastKnownFileType = sourcecode.swift; path = TodoPresenter.swift; sourceTree = "<group>"; };
		527BCC4C2D89B0CF006E1713 /* TodoEntity.swift */ = {isa = PBXFileReference; lastKnownFileType = sourcecode.swift; path = TodoEntity.swift; sourceTree = "<group>"; };
		527BCC4E2D89B0DB006E1713 /* TodoRouter.swift */ = {isa = PBXFileReference; lastKnownFileType = sourcecode.swift; path = TodoRouter.swift; sourceTree = "<group>"; };
		527BCC512D89B0FC006E1713 /* NetworkManager.swift */ = {isa = PBXFileReference; lastKnownFileType = sourcecode.swift; path = NetworkManager.swift; sourceTree = "<group>"; };
		527BCC532D89B106006E1713 /* CoreDataManager.swift */ = {isa = PBXFileReference; lastKnownFileType = sourcecode.swift; path = CoreDataManager.swift; sourceTree = "<group>"; };
		527BCC572D89B1CB006E1713 /* UIViewExtension.swift */ = {isa = PBXFileReference; lastKnownFileType = sourcecode.swift; path = UIViewExtension.swift; sourceTree = "<group>"; };
		527BCC5A2D89B834006E1713 /* TodoAssembly.swift */ = {isa = PBXFileReference; lastKnownFileType = sourcecode.swift; path = TodoAssembly.swift; sourceTree = "<group>"; };
		527BCC5C2D89C0F2006E1713 /* CustomCell.swift */ = {isa = PBXFileReference; lastKnownFileType = sourcecode.swift; path = CustomCell.swift; sourceTree = "<group>"; };
		527BCC5E2D89C116006E1713 /* CheckboxButton.swift */ = {isa = PBXFileReference; lastKnownFileType = sourcecode.swift; path = CheckboxButton.swift; sourceTree = "<group>"; };
		528A41E92D8B216D00397157 /* NewTodoView.swift */ = {isa = PBXFileReference; lastKnownFileType = sourcecode.swift; path = NewTodoView.swift; sourceTree = "<group>"; };
/* End PBXFileReference section */

/* Begin PBXFrameworksBuildPhase section */
		527BCC1F2D89A0C2006E1713 /* Frameworks */ = {
			isa = PBXFrameworksBuildPhase;
			buildActionMask = 2147483647;
			files = (
				527BCC402D89A465006E1713 /* Alamofire in Frameworks */,
			);
			runOnlyForDeploymentPostprocessing = 0;
		};
/* End PBXFrameworksBuildPhase section */

/* Begin PBXGroup section */
		5208E0572D8C33530005F05D /* Application */ = {
			isa = PBXGroup;
			children = (
				527BCC252D89A0C2006E1713 /* AppDelegate.swift */,
				527BCC272D89A0C2006E1713 /* SceneDelegate.swift */,
			);
			path = Application;
			sourceTree = "<group>";
		};
		527BCC192D89A0C2006E1713 = {
			isa = PBXGroup;
			children = (
				527BCC242D89A0C2006E1713 /* EffectiveMobile */,
				527BCC232D89A0C2006E1713 /* Products */,
			);
			sourceTree = "<group>";
		};
		527BCC232D89A0C2006E1713 /* Products */ = {
			isa = PBXGroup;
			children = (
				527BCC222D89A0C2006E1713 /* EffectiveMobile.app */,
			);
			name = Products;
			sourceTree = "<group>";
		};
		527BCC242D89A0C2006E1713 /* EffectiveMobile */ = {
			isa = PBXGroup;
			children = (
				5208E0572D8C33530005F05D /* Application */,
				527BCC452D89B070006E1713 /* ModuleTodoView */,
				528A41E82D8B213E00397157 /* ModuleNewTodoView */,
				527BCC502D89B0E3006E1713 /* Core */,
				527BCC552D89B194006E1713 /* Errors */,
				527BCC592D89B265006E1713 /* Helpers */,
				527BCC562D89B1A2006E1713 /* Extensions */,
				527BCC312D89A0C4006E1713 /* Assets.xcassets */,
				527BCC332D89A0C4006E1713 /* LaunchScreen.storyboard */,
				527BCC362D89A0C4006E1713 /* Info.plist */,
				527BCC2E2D89A0C2006E1713 /* EffectiveMobile.xcdatamodeld */,
			);
			path = EffectiveMobile;
			sourceTree = "<group>";
		};
		527BCC452D89B070006E1713 /* ModuleTodoView */ = {
			isa = PBXGroup;
			children = (
				527BCC462D89B099006E1713 /* TodoView.swift */,
				527BCC482D89B0A9006E1713 /* TodoInteractor.swift */,
				527BCC4A2D89B0BD006E1713 /* TodoPresenter.swift */,
				527BCC4C2D89B0CF006E1713 /* TodoEntity.swift */,
				527BCC4E2D89B0DB006E1713 /* TodoRouter.swift */,
				527BCC5A2D89B834006E1713 /* TodoAssembly.swift */,
				527BCC5C2D89C0F2006E1713 /* CustomCell.swift */,
			);
			path = ModuleTodoView;
			sourceTree = "<group>";
		};
		527BCC502D89B0E3006E1713 /* Core */ = {
			isa = PBXGroup;
			children = (
				527BCC512D89B0FC006E1713 /* NetworkManager.swift */,
				527BCC532D89B106006E1713 /* CoreDataManager.swift */,
			);
			path = Core;
			sourceTree = "<group>";
		};
		527BCC552D89B194006E1713 /* Errors */ = {
			isa = PBXGroup;
			children = (
				527BCC432D89A4D0006E1713 /* Error.swift */,
			);
			path = Errors;
			sourceTree = "<group>";
		};
		527BCC562D89B1A2006E1713 /* Extensions */ = {
			isa = PBXGroup;
			children = (
				527BCC572D89B1CB006E1713 /* UIViewExtension.swift */,
			);
			path = Extensions;
			sourceTree = "<group>";
		};
		527BCC592D89B265006E1713 /* Helpers */ = {
			isa = PBXGroup;
			children = (
				527BCC5E2D89C116006E1713 /* CheckboxButton.swift */,
			);
			path = Helpers;
			sourceTree = "<group>";
		};
		528A41E82D8B213E00397157 /* ModuleNewTodoView */ = {
			isa = PBXGroup;
			children = (
				528A41E92D8B216D00397157 /* NewTodoView.swift */,
				5208E0512D8C2F580005F05D /* NewTodoInteractor.swift */,
				5208E0532D8C2F640005F05D /* NewTodoPresenter.swift */,
				5208E0552D8C2F710005F05D /* NewTodoRourter.swift */,
				5208E0582D8C389B0005F05D /* NewTodoAssenbly.swift */,
			);
			path = ModuleNewTodoView;
			sourceTree = "<group>";
		};
/* End PBXGroup section */

/* Begin PBXNativeTarget section */
		527BCC212D89A0C2006E1713 /* EffectiveMobile */ = {
			isa = PBXNativeTarget;
			buildConfigurationList = 527BCC392D89A0C4006E1713 /* Build configuration list for PBXNativeTarget "EffectiveMobile" */;
			buildPhases = (
				527BCC1E2D89A0C2006E1713 /* Sources */,
				527BCC1F2D89A0C2006E1713 /* Frameworks */,
				527BCC202D89A0C2006E1713 /* Resources */,
			);
			buildRules = (
			);
			dependencies = (
			);
			name = EffectiveMobile;
			packageProductDependencies = (
				527BCC3F2D89A465006E1713 /* Alamofire */,
			);
			productName = EffectiveMobile;
			productReference = 527BCC222D89A0C2006E1713 /* EffectiveMobile.app */;
			productType = "com.apple.product-type.application";
		};
/* End PBXNativeTarget section */

/* Begin PBXProject section */
		527BCC1A2D89A0C2006E1713 /* Project object */ = {
			isa = PBXProject;
			attributes = {
				BuildIndependentTargetsInParallel = 1;
				LastSwiftUpdateCheck = 1540;
				LastUpgradeCheck = 1540;
				TargetAttributes = {
					527BCC212D89A0C2006E1713 = {
						CreatedOnToolsVersion = 15.4;
					};
				};
			};
			buildConfigurationList = 527BCC1D2D89A0C2006E1713 /* Build configuration list for PBXProject "EffectiveMobile" */;
			compatibilityVersion = "Xcode 14.0";
			developmentRegion = en;
			hasScannedForEncodings = 0;
			knownRegions = (
				en,
				Base,
			);
			mainGroup = 527BCC192D89A0C2006E1713;
			packageReferences = (
				527BCC3E2D89A465006E1713 /* XCRemoteSwiftPackageReference "Alamofire" */,
			);
			productRefGroup = 527BCC232D89A0C2006E1713 /* Products */;
			projectDirPath = "";
			projectRoot = "";
			targets = (
				527BCC212D89A0C2006E1713 /* EffectiveMobile */,
			);
		};
/* End PBXProject section */

/* Begin PBXResourcesBuildPhase section */
		527BCC202D89A0C2006E1713 /* Resources */ = {
			isa = PBXResourcesBuildPhase;
			buildActionMask = 2147483647;
			files = (
				527BCC322D89A0C4006E1713 /* Assets.xcassets in Resources */,
				527BCC352D89A0C4006E1713 /* Base in Resources */,
			);
			runOnlyForDeploymentPostprocessing = 0;
		};
/* End PBXResourcesBuildPhase section */

/* Begin PBXSourcesBuildPhase section */
		527BCC1E2D89A0C2006E1713 /* Sources */ = {
			isa = PBXSourcesBuildPhase;
			buildActionMask = 2147483647;
			files = (
				527BCC302D89A0C2006E1713 /* EffectiveMobile.xcdatamodeld in Sources */,
				527BCC472D89B099006E1713 /* TodoView.swift in Sources */,
				527BCC522D89B0FC006E1713 /* NetworkManager.swift in Sources */,
				5208E0562D8C2F710005F05D /* NewTodoRourter.swift in Sources */,
				527BCC262D89A0C2006E1713 /* AppDelegate.swift in Sources */,
				527BCC5B2D89B834006E1713 /* TodoAssembly.swift in Sources */,
				5208E0542D8C2F640005F05D /* NewTodoPresenter.swift in Sources */,
				527BCC4F2D89B0DB006E1713 /* TodoRouter.swift in Sources */,
				527BCC442D89A4D0006E1713 /* Error.swift in Sources */,
				5208E0522D8C2F580005F05D /* NewTodoInteractor.swift in Sources */,
				528A41EA2D8B216D00397157 /* NewTodoView.swift in Sources */,
				527BCC582D89B1CB006E1713 /* UIViewExtension.swift in Sources */,
				527BCC4D2D89B0CF006E1713 /* TodoEntity.swift in Sources */,
				5208E0592D8C389B0005F05D /* NewTodoAssenbly.swift in Sources */,
				527BCC492D89B0A9006E1713 /* TodoInteractor.swift in Sources */,
				527BCC5F2D89C116006E1713 /* CheckboxButton.swift in Sources */,
				527BCC4B2D89B0BD006E1713 /* TodoPresenter.swift in Sources */,
				527BCC542D89B106006E1713 /* CoreDataManager.swift in Sources */,
				527BCC5D2D89C0F2006E1713 /* CustomCell.swift in Sources */,
				527BCC282D89A0C2006E1713 /* SceneDelegate.swift in Sources */,
			);
			runOnlyForDeploymentPostprocessing = 0;
		};
/* End PBXSourcesBuildPhase section */

/* Begin PBXVariantGroup section */
		527BCC332D89A0C4006E1713 /* LaunchScreen.storyboard */ = {
			isa = PBXVariantGroup;
			children = (
				527BCC342D89A0C4006E1713 /* Base */,
			);
			name = LaunchScreen.storyboard;
			sourceTree = "<group>";
		};
/* End PBXVariantGroup section */

/* Begin XCBuildConfiguration section */
		527BCC372D89A0C4006E1713 /* Debug */ = {
			isa = XCBuildConfiguration;
			buildSettings = {
				ALWAYS_SEARCH_USER_PATHS = NO;
				ASSETCATALOG_COMPILER_GENERATE_SWIFT_ASSET_SYMBOL_EXTENSIONS = YES;
				CLANG_ANALYZER_NONNULL = YES;
				CLANG_ANALYZER_NUMBER_OBJECT_CONVERSION = YES_AGGRESSIVE;
				CLANG_CXX_LANGUAGE_STANDARD = "gnu++20";
				CLANG_ENABLE_MODULES = YES;
				CLANG_ENABLE_OBJC_ARC = YES;
				CLANG_ENABLE_OBJC_WEAK = YES;
				CLANG_WARN_BLOCK_CAPTURE_AUTORELEASING = YES;
				CLANG_WARN_BOOL_CONVERSION = YES;
				CLANG_WARN_COMMA = YES;
				CLANG_WARN_CONSTANT_CONVERSION = YES;
				CLANG_WARN_DEPRECATED_OBJC_IMPLEMENTATIONS = YES;
				CLANG_WARN_DIRECT_OBJC_ISA_USAGE = YES_ERROR;
				CLANG_WARN_DOCUMENTATION_COMMENTS = YES;
				CLANG_WARN_EMPTY_BODY = YES;
				CLANG_WARN_ENUM_CONVERSION = YES;
				CLANG_WARN_INFINITE_RECURSION = YES;
				CLANG_WARN_INT_CONVERSION = YES;
				CLANG_WARN_NON_LITERAL_NULL_CONVERSION = YES;
				CLANG_WARN_OBJC_IMPLICIT_RETAIN_SELF = YES;
				CLANG_WARN_OBJC_LITERAL_CONVERSION = YES;
				CLANG_WARN_OBJC_ROOT_CLASS = YES_ERROR;
				CLANG_WARN_QUOTED_INCLUDE_IN_FRAMEWORK_HEADER = YES;
				CLANG_WARN_RANGE_LOOP_ANALYSIS = YES;
				CLANG_WARN_STRICT_PROTOTYPES = YES;
				CLANG_WARN_SUSPICIOUS_MOVE = YES;
				CLANG_WARN_UNGUARDED_AVAILABILITY = YES_AGGRESSIVE;
				CLANG_WARN_UNREACHABLE_CODE = YES;
				CLANG_WARN__DUPLICATE_METHOD_MATCH = YES;
				COPY_PHASE_STRIP = NO;
				DEBUG_INFORMATION_FORMAT = dwarf;
				ENABLE_STRICT_OBJC_MSGSEND = YES;
				ENABLE_TESTABILITY = YES;
				ENABLE_USER_SCRIPT_SANDBOXING = YES;
				GCC_C_LANGUAGE_STANDARD = gnu17;
				GCC_DYNAMIC_NO_PIC = NO;
				GCC_NO_COMMON_BLOCKS = YES;
				GCC_OPTIMIZATION_LEVEL = 0;
				GCC_PREPROCESSOR_DEFINITIONS = (
					"DEBUG=1",
					"$(inherited)",
				);
				GCC_WARN_64_TO_32_BIT_CONVERSION = YES;
				GCC_WARN_ABOUT_RETURN_TYPE = YES_ERROR;
				GCC_WARN_UNDECLARED_SELECTOR = YES;
				GCC_WARN_UNINITIALIZED_AUTOS = YES_AGGRESSIVE;
				GCC_WARN_UNUSED_FUNCTION = YES;
				GCC_WARN_UNUSED_VARIABLE = YES;
				IPHONEOS_DEPLOYMENT_TARGET = 17.5;
				LOCALIZATION_PREFERS_STRING_CATALOGS = YES;
				MTL_ENABLE_DEBUG_INFO = INCLUDE_SOURCE;
				MTL_FAST_MATH = YES;
				ONLY_ACTIVE_ARCH = YES;
				SDKROOT = iphoneos;
				SWIFT_ACTIVE_COMPILATION_CONDITIONS = "DEBUG $(inherited)";
				SWIFT_OPTIMIZATION_LEVEL = "-Onone";
			};
			name = Debug;
		};
		527BCC382D89A0C4006E1713 /* Release */ = {
			isa = XCBuildConfiguration;
			buildSettings = {
				ALWAYS_SEARCH_USER_PATHS = NO;
				ASSETCATALOG_COMPILER_GENERATE_SWIFT_ASSET_SYMBOL_EXTENSIONS = YES;
				CLANG_ANALYZER_NONNULL = YES;
				CLANG_ANALYZER_NUMBER_OBJECT_CONVERSION = YES_AGGRESSIVE;
				CLANG_CXX_LANGUAGE_STANDARD = "gnu++20";
				CLANG_ENABLE_MODULES = YES;
				CLANG_ENABLE_OBJC_ARC = YES;
				CLANG_ENABLE_OBJC_WEAK = YES;
				CLANG_WARN_BLOCK_CAPTURE_AUTORELEASING = YES;
				CLANG_WARN_BOOL_CONVERSION = YES;
				CLANG_WARN_COMMA = YES;
				CLANG_WARN_CONSTANT_CONVERSION = YES;
				CLANG_WARN_DEPRECATED_OBJC_IMPLEMENTATIONS = YES;
				CLANG_WARN_DIRECT_OBJC_ISA_USAGE = YES_ERROR;
				CLANG_WARN_DOCUMENTATION_COMMENTS = YES;
				CLANG_WARN_EMPTY_BODY = YES;
				CLANG_WARN_ENUM_CONVERSION = YES;
				CLANG_WARN_INFINITE_RECURSION = YES;
				CLANG_WARN_INT_CONVERSION = YES;
				CLANG_WARN_NON_LITERAL_NULL_CONVERSION = YES;
				CLANG_WARN_OBJC_IMPLICIT_RETAIN_SELF = YES;
				CLANG_WARN_OBJC_LITERAL_CONVERSION = YES;
				CLANG_WARN_OBJC_ROOT_CLASS = YES_ERROR;
				CLANG_WARN_QUOTED_INCLUDE_IN_FRAMEWORK_HEADER = YES;
				CLANG_WARN_RANGE_LOOP_ANALYSIS = YES;
				CLANG_WARN_STRICT_PROTOTYPES = YES;
				CLANG_WARN_SUSPICIOUS_MOVE = YES;
				CLANG_WARN_UNGUARDED_AVAILABILITY = YES_AGGRESSIVE;
				CLANG_WARN_UNREACHABLE_CODE = YES;
				CLANG_WARN__DUPLICATE_METHOD_MATCH = YES;
				COPY_PHASE_STRIP = NO;
				DEBUG_INFORMATION_FORMAT = "dwarf-with-dsym";
				ENABLE_NS_ASSERTIONS = NO;
				ENABLE_STRICT_OBJC_MSGSEND = YES;
				ENABLE_USER_SCRIPT_SANDBOXING = YES;
				GCC_C_LANGUAGE_STANDARD = gnu17;
				GCC_NO_COMMON_BLOCKS = YES;
				GCC_WARN_64_TO_32_BIT_CONVERSION = YES;
				GCC_WARN_ABOUT_RETURN_TYPE = YES_ERROR;
				GCC_WARN_UNDECLARED_SELECTOR = YES;
				GCC_WARN_UNINITIALIZED_AUTOS = YES_AGGRESSIVE;
				GCC_WARN_UNUSED_FUNCTION = YES;
				GCC_WARN_UNUSED_VARIABLE = YES;
				IPHONEOS_DEPLOYMENT_TARGET = 17.5;
				LOCALIZATION_PREFERS_STRING_CATALOGS = YES;
				MTL_ENABLE_DEBUG_INFO = NO;
				MTL_FAST_MATH = YES;
				SDKROOT = iphoneos;
				SWIFT_COMPILATION_MODE = wholemodule;
				VALIDATE_PRODUCT = YES;
			};
			name = Release;
		};
		527BCC3A2D89A0C4006E1713 /* Debug */ = {
			isa = XCBuildConfiguration;
			buildSettings = {
				ASSETCATALOG_COMPILER_APPICON_NAME = AppIcon;
				ASSETCATALOG_COMPILER_GLOBAL_ACCENT_COLOR_NAME = AccentColor;
				CODE_SIGN_STYLE = Automatic;
				CURRENT_PROJECT_VERSION = 1;
				GENERATE_INFOPLIST_FILE = YES;
				INFOPLIST_FILE = EffectiveMobile/Info.plist;
				INFOPLIST_KEY_UIApplicationSupportsIndirectInputEvents = YES;
				INFOPLIST_KEY_UILaunchStoryboardName = LaunchScreen;
				INFOPLIST_KEY_UISupportedInterfaceOrientations = UIInterfaceOrientationPortrait;
				INFOPLIST_KEY_UISupportedInterfaceOrientations_iPad = "UIInterfaceOrientationLandscapeLeft UIInterfaceOrientationLandscapeRight UIInterfaceOrientationPortrait UIInterfaceOrientationPortraitUpsideDown";
				LD_RUNPATH_SEARCH_PATHS = (
					"$(inherited)",
					"@executable_path/Frameworks",
				);
				MARKETING_VERSION = 1.0;
				PRODUCT_BUNDLE_IDENTIFIER = snakcat.EffectiveMobile;
				PRODUCT_NAME = "$(TARGET_NAME)";
				SUPPORTED_PLATFORMS = "iphoneos iphonesimulator";
				SUPPORTS_MACCATALYST = NO;
				SUPPORTS_MAC_DESIGNED_FOR_IPHONE_IPAD = NO;
				SUPPORTS_XR_DESIGNED_FOR_IPHONE_IPAD = NO;
				SWIFT_EMIT_LOC_STRINGS = YES;
				SWIFT_VERSION = 5.0;
				TARGETED_DEVICE_FAMILY = 1;
			};
			name = Debug;
		};
		527BCC3B2D89A0C4006E1713 /* Release */ = {
			isa = XCBuildConfiguration;
			buildSettings = {
				ASSETCATALOG_COMPILER_APPICON_NAME = AppIcon;
				ASSETCATALOG_COMPILER_GLOBAL_ACCENT_COLOR_NAME = AccentColor;
				CODE_SIGN_STYLE = Automatic;
				CURRENT_PROJECT_VERSION = 1;
				GENERATE_INFOPLIST_FILE = YES;
				INFOPLIST_FILE = EffectiveMobile/Info.plist;
				INFOPLIST_KEY_UIApplicationSupportsIndirectInputEvents = YES;
				INFOPLIST_KEY_UILaunchStoryboardName = LaunchScreen;
				INFOPLIST_KEY_UISupportedInterfaceOrientations = UIInterfaceOrientationPortrait;
				INFOPLIST_KEY_UISupportedInterfaceOrientations_iPad = "UIInterfaceOrientationLandscapeLeft UIInterfaceOrientationLandscapeRight UIInterfaceOrientationPortrait UIInterfaceOrientationPortraitUpsideDown";
				LD_RUNPATH_SEARCH_PATHS = (
					"$(inherited)",
					"@executable_path/Frameworks",
				);
				MARKETING_VERSION = 1.0;
				PRODUCT_BUNDLE_IDENTIFIER = snakcat.EffectiveMobile;
				PRODUCT_NAME = "$(TARGET_NAME)";
				SUPPORTED_PLATFORMS = "iphoneos iphonesimulator";
				SUPPORTS_MACCATALYST = NO;
				SUPPORTS_MAC_DESIGNED_FOR_IPHONE_IPAD = NO;
				SUPPORTS_XR_DESIGNED_FOR_IPHONE_IPAD = NO;
				SWIFT_EMIT_LOC_STRINGS = YES;
				SWIFT_VERSION = 5.0;
				TARGETED_DEVICE_FAMILY = 1;
			};
			name = Release;
		};
/* End XCBuildConfiguration section */

/* Begin XCConfigurationList section */
		527BCC1D2D89A0C2006E1713 /* Build configuration list for PBXProject "EffectiveMobile" */ = {
			isa = XCConfigurationList;
			buildConfigurations = (
				527BCC372D89A0C4006E1713 /* Debug */,
				527BCC382D89A0C4006E1713 /* Release */,
			);
			defaultConfigurationIsVisible = 0;
			defaultConfigurationName = Release;
		};
		527BCC392D89A0C4006E1713 /* Build configuration list for PBXNativeTarget "EffectiveMobile" */ = {
			isa = XCConfigurationList;
			buildConfigurations = (
				527BCC3A2D89A0C4006E1713 /* Debug */,
				527BCC3B2D89A0C4006E1713 /* Release */,
			);
			defaultConfigurationIsVisible = 0;
			defaultConfigurationName = Release;
		};
/* End XCConfigurationList section */

/* Begin XCRemoteSwiftPackageReference section */
		527BCC3E2D89A465006E1713 /* XCRemoteSwiftPackageReference "Alamofire" */ = {
			isa = XCRemoteSwiftPackageReference;
			repositoryURL = "https://github.com/Alamofire/Alamofire.git";
			requirement = {
				kind = upToNextMajorVersion;
				minimumVersion = 5.10.2;
			};
		};
/* End XCRemoteSwiftPackageReference section */

/* Begin XCSwiftPackageProductDependency section */
		527BCC3F2D89A465006E1713 /* Alamofire */ = {
			isa = XCSwiftPackageProductDependency;
			package = 527BCC3E2D89A465006E1713 /* XCRemoteSwiftPackageReference "Alamofire" */;
			productName = Alamofire;
		};
/* End XCSwiftPackageProductDependency section */

/* Begin XCVersionGroup section */
		527BCC2E2D89A0C2006E1713 /* EffectiveMobile.xcdatamodeld */ = {
			isa = XCVersionGroup;
			children = (
				527BCC2F2D89A0C2006E1713 /* EffectiveMobile.xcdatamodel */,
			);
			currentVersion = 527BCC2F2D89A0C2006E1713 /* EffectiveMobile.xcdatamodel */;
			path = EffectiveMobile.xcdatamodeld;
			sourceTree = "<group>";
			versionGroupType = wrapper.xcdatamodel;
		};
/* End XCVersionGroup section */
	};
	rootObject = 527BCC1A2D89A0C2006E1713 /* Project object */;
}
